
Microsoft Visual Studio Solution File, Format Version 12.00
# Visual Studio Version 17
VisualStudioVersion = 17.3.32929.385
MinimumVisualStudioVersion = 10.0.40219.1
Project("{9A19103F-16F7-4668-BE54-9A1E7A4F7556}") = "IMR", "IMR\IMR.csproj", "{2692518A-FA5B-4651-AD21-FF2C8B81E567}"
	ProjectSection(ProjectDependencies) = postProject
		{38352555-9F46-4488-9F55-2130117787FE} = {38352555-9F46-4488-9F55-2130117787FE}
	EndProjectSection
EndProject
Project("{8BC9CEB8-8B4A-11D0-8D11-00A0C91BC942}") = "IMR.Core", "IMR.Core\IMR.Core.vcxproj", "{38352555-9F46-4488-9F55-2130117787FE}"
EndProject
Project("{9A19103F-16F7-4668-BE54-9A1E7A4F7556}") = "IMR.Clients.Console", "IMR.Clients\IMR.Clients.Console\IMR.Clients.Console.csproj", "{CD2BBC3C-C803-43B2-BE39-64E99F231727}"
	ProjectSection(ProjectDependencies) = postProject
		{38352555-9F46-4488-9F55-2130117787FE} = {38352555-9F46-4488-9F55-2130117787FE}
	EndProjectSection
EndProject
Project("{9A19103F-16F7-4668-BE54-9A1E7A4F7556}") = "IMR.Clients.WPF", "IMR.Clients\IMR.Clients.WPF\IMR.Clients.WPF.csproj", "{30D223F4-0F1A-49A8-B664-BAD869D1027E}"
EndProject
Project("{2150E333-8FDC-42A3-9474-1A3956D46DE8}") = "IMR.Clients", "IMR.Clients", "{995C7CCF-C84E-49E0-B551-0DCD9EB8DEC1}"
EndProject
Project("{2150E333-8FDC-42A3-9474-1A3956D46DE8}") = "Solution Items", "Solution Items", "{F37ABD52-3A82-49B7-B713-E685CC61B0E1}"
	ProjectSection(SolutionItems) = preProject
		.editorconfig = .editorconfig
	EndProjectSection
EndProject
Global
	GlobalSection(SolutionConfigurationPlatforms) = preSolution
		Debug|Any CPU = Debug|Any CPU
		Debug|x64 = Debug|x64
		Debug|x86 = Debug|x86
		Release|Any CPU = Release|Any CPU
		Release|x64 = Release|x64
		Release|x86 = Release|x86
	EndGlobalSection
	GlobalSection(ProjectConfigurationPlatforms) = postSolution
		{2692518A-FA5B-4651-AD21-FF2C8B81E567}.Debug|Any CPU.ActiveCfg = Debug|Any CPU
		{2692518A-FA5B-4651-AD21-FF2C8B81E567}.Debug|Any CPU.Build.0 = Debug|Any CPU
		{2692518A-FA5B-4651-AD21-FF2C8B81E567}.Debug|x64.ActiveCfg = Debug|Any CPU
		{2692518A-FA5B-4651-AD21-FF2C8B81E567}.Debug|x64.Build.0 = Debug|Any CPU
		{2692518A-FA5B-4651-AD21-FF2C8B81E567}.Debug|x86.ActiveCfg = Debug|Any CPU
		{2692518A-FA5B-4651-AD21-FF2C8B81E567}.Debug|x86.Build.0 = Debug|Any CPU
		{2692518A-FA5B-4651-AD21-FF2C8B81E567}.Release|Any CPU.ActiveCfg = Release|Any CPU
		{2692518A-FA5B-4651-AD21-FF2C8B81E567}.Release|Any CPU.Build.0 = Release|Any CPU
		{2692518A-FA5B-4651-AD21-FF2C8B81E567}.Release|x64.ActiveCfg = Release|Any CPU
		{2692518A-FA5B-4651-AD21-FF2C8B81E567}.Release|x64.Build.0 = Release|Any CPU
		{2692518A-FA5B-4651-AD21-FF2C8B81E567}.Release|x86.ActiveCfg = Release|Any CPU
		{2692518A-FA5B-4651-AD21-FF2C8B81E567}.Release|x86.Build.0 = Release|Any CPU
		{38352555-9F46-4488-9F55-2130117787FE}.Debug|Any CPU.ActiveCfg = Debug|x64
		{38352555-9F46-4488-9F55-2130117787FE}.Debug|Any CPU.Build.0 = Debug|x64
		{38352555-9F46-4488-9F55-2130117787FE}.Debug|x64.ActiveCfg = Debug|x64
		{38352555-9F46-4488-9F55-2130117787FE}.Debug|x64.Build.0 = Debug|x64
		{38352555-9F46-4488-9F55-2130117787FE}.Debug|x86.ActiveCfg = Debug|x64
		{38352555-9F46-4488-9F55-2130117787FE}.Debug|x86.Build.0 = Debug|x64
		{38352555-9F46-4488-9F55-2130117787FE}.Release|Any CPU.ActiveCfg = Release|x64
		{38352555-9F46-4488-9F55-2130117787FE}.Release|Any CPU.Build.0 = Release|x64
		{38352555-9F46-4488-9F55-2130117787FE}.Release|x64.ActiveCfg = Release|x64
		{38352555-9F46-4488-9F55-2130117787FE}.Release|x64.Build.0 = Release|x64
		{38352555-9F46-4488-9F55-2130117787FE}.Release|x86.ActiveCfg = Release|Win32
		{38352555-9F46-4488-9F55-2130117787FE}.Release|x86.Build.0 = Release|Win32
		{CD2BBC3C-C803-43B2-BE39-64E99F231727}.Debug|Any CPU.ActiveCfg = Debug|Any CPU
		{CD2BBC3C-C803-43B2-BE39-64E99F231727}.Debug|Any CPU.Build.0 = Debug|Any CPU
		{CD2BBC3C-C803-43B2-BE39-64E99F231727}.Debug|x64.ActiveCfg = Debug|Any CPU
		{CD2BBC3C-C803-43B2-BE39-64E99F231727}.Debug|x64.Build.0 = Debug|Any CPU
		{CD2BBC3C-C803-43B2-BE39-64E99F231727}.Debug|x86.ActiveCfg = Debug|Any CPU
		{CD2BBC3C-C803-43B2-BE39-64E99F231727}.Debug|x86.Build.0 = Debug|Any CPU
		{CD2BBC3C-C803-43B2-BE39-64E99F231727}.Release|Any CPU.ActiveCfg = Release|Any CPU
		{CD2BBC3C-C803-43B2-BE39-64E99F231727}.Release|Any CPU.Build.0 = Release|Any CPU
		{CD2BBC3C-C803-43B2-BE39-64E99F231727}.Release|x64.ActiveCfg = Release|Any CPU
		{CD2BBC3C-C803-43B2-BE39-64E99F231727}.Release|x64.Build.0 = Release|Any CPU
		{CD2BBC3C-C803-43B2-BE39-64E99F231727}.Release|x86.ActiveCfg = Release|Any CPU
		{CD2BBC3C-C803-43B2-BE39-64E99F231727}.Release|x86.Build.0 = Release|Any CPU
		{30D223F4-0F1A-49A8-B664-BAD869D1027E}.Debug|Any CPU.ActiveCfg = Debug|Any CPU
		{30D223F4-0F1A-49A8-B664-BAD869D1027E}.Debug|Any CPU.Build.0 = Debug|Any CPU
		{30D223F4-0F1A-49A8-B664-BAD869D1027E}.Debug|x64.ActiveCfg = Debug|Any CPU
		{30D223F4-0F1A-49A8-B664-BAD869D1027E}.Debug|x64.Build.0 = Debug|Any CPU
		{30D223F4-0F1A-49A8-B664-BAD869D1027E}.Debug|x86.ActiveCfg = Debug|Any CPU
		{30D223F4-0F1A-49A8-B664-BAD869D1027E}.Debug|x86.Build.0 = Debug|Any CPU
		{30D223F4-0F1A-49A8-B664-BAD869D1027E}.Release|Any CPU.ActiveCfg = Release|Any CPU
		{30D223F4-0F1A-49A8-B664-BAD869D1027E}.Release|Any CPU.Build.0 = Release|Any CPU
		{30D223F4-0F1A-49A8-B664-BAD869D1027E}.Release|x64.ActiveCfg = Release|Any CPU
		{30D223F4-0F1A-49A8-B664-BAD869D1027E}.Release|x64.Build.0 = Release|Any CPU
		{30D223F4-0F1A-49A8-B664-BAD869D1027E}.Release|x86.ActiveCfg = Release|Any CPU
		{30D223F4-0F1A-49A8-B664-BAD869D1027E}.Release|x86.Build.0 = Release|Any CPU
	EndGlobalSection
	GlobalSection(SolutionProperties) = preSolution
		HideSolutionNode = FALSE
	EndGlobalSection
	GlobalSection(NestedProjects) = preSolution
		{CD2BBC3C-C803-43B2-BE39-64E99F231727} = {995C7CCF-C84E-49E0-B551-0DCD9EB8DEC1}
		{30D223F4-0F1A-49A8-B664-BAD869D1027E} = {995C7CCF-C84E-49E0-B551-0DCD9EB8DEC1}
	EndGlobalSection
	GlobalSection(ExtensibilityGlobals) = postSolution
		SolutionGuid = {AFBC3418-C516-4F98-B99B-0F9AE860864E}
	EndGlobalSection
EndGlobal
